// !$*UTF8*$!
{
	archiveVersion = 1;
	classes = {
	};
	objectVersion = 56;
	objects = {

/* Begin PBXBuildFile section */
		31EF784C2CC22A1F0036E33A /* AppDelegate.swift in Sources */ = {isa = PBXBuildFile; fileRef = 31EF784B2CC22A1F0036E33A /* AppDelegate.swift */; };
		31EF784E2CC22A1F0036E33A /* SceneDelegate.swift in Sources */ = {isa = PBXBuildFile; fileRef = 31EF784D2CC22A1F0036E33A /* SceneDelegate.swift */; };
		31EF78502CC22A1F0036E33A /* ViewController.swift in Sources */ = {isa = PBXBuildFile; fileRef = 31EF784F2CC22A1F0036E33A /* ViewController.swift */; };
		31EF78532CC22A1F0036E33A /* Base in Resources */ = {isa = PBXBuildFile; fileRef = 31EF78522CC22A1F0036E33A /* Base */; };
		31EF78552CC22A200036E33A /* Assets.xcassets in Resources */ = {isa = PBXBuildFile; fileRef = 31EF78542CC22A200036E33A /* Assets.xcassets */; };
		31EF78582CC22A200036E33A /* Base in Resources */ = {isa = PBXBuildFile; fileRef = 31EF78572CC22A200036E33A /* Base */; };
		31EF78632CC22A200036E33A /* MapTests.swift in Sources */ = {isa = PBXBuildFile; fileRef = 31EF78622CC22A200036E33A /* MapTests.swift */; };
		31EF786D2CC22A200036E33A /* MapUITests.swift in Sources */ = {isa = PBXBuildFile; fileRef = 31EF786C2CC22A200036E33A /* MapUITests.swift */; };
		31EF786F2CC22A200036E33A /* MapUITestsLaunchTests.swift in Sources */ = {isa = PBXBuildFile; fileRef = 31EF786E2CC22A200036E33A /* MapUITestsLaunchTests.swift */; };
/* End PBXBuildFile section */

/* Begin PBXContainerItemProxy section */
		31EF785F2CC22A200036E33A /* PBXContainerItemProxy */ = {
			isa = PBXContainerItemProxy;
			containerPortal = 31EF78402CC22A1F0036E33A /* Project object */;
			proxyType = 1;
			remoteGlobalIDString = 31EF78472CC22A1F0036E33A;
			remoteInfo = Map;
		};
		31EF78692CC22A200036E33A /* PBXContainerItemProxy */ = {
			isa = PBXContainerItemProxy;
			containerPortal = 31EF78402CC22A1F0036E33A /* Project object */;
			proxyType = 1;
			remoteGlobalIDString = 31EF78472CC22A1F0036E33A;
			remoteInfo = Map;
		};
/* End PBXContainerItemProxy section */

/* Begin PBXFileReference section */
		31EF78482CC22A1F0036E33A /* Map.app */ = {isa = PBXFileReference; explicitFileType = wrapper.application; includeInIndex = 0; path = Map.app; sourceTree = BUILT_PRODUCTS_DIR; };
		31EF784B2CC22A1F0036E33A /* AppDelegate.swift */ = {isa = PBXFileReference; lastKnownFileType = sourcecode.swift; path = AppDelegate.swift; sourceTree = "<group>"; };
		31EF784D2CC22A1F0036E33A /* SceneDelegate.swift */ = {isa = PBXFileReference; lastKnownFileType = sourcecode.swift; path = SceneDelegate.swift; sourceTree = "<group>"; };
		31EF784F2CC22A1F0036E33A /* ViewController.swift */ = {isa = PBXFileReference; lastKnownFileType = sourcecode.swift; path = ViewController.swift; sourceTree = "<group>"; };
		31EF78522CC22A1F0036E33A /* Base */ = {isa = PBXFileReference; lastKnownFileType = file.storyboard; name = Base; path = Base.lproj/Main.storyboard; sourceTree = "<group>"; };
		31EF78542CC22A200036E33A /* Assets.xcassets */ = {isa = PBXFileReference; lastKnownFileType = folder.assetcatalog; path = Assets.xcassets; sourceTree = "<group>"; };
		31EF78572CC22A200036E33A /* Base */ = {isa = PBXFileReference; lastKnownFileType = file.storyboard; name = Base; path = Base.lproj/LaunchScreen.storyboard; sourceTree = "<group>"; };
		31EF78592CC22A200036E33A /* Info.plist */ = {isa = PBXFileReference; lastKnownFileType = text.plist.xml; path = Info.plist; sourceTree = "<group>"; };
		31EF785E2CC22A200036E33A /* MapTests.xctest */ = {isa = PBXFileReference; explicitFileType = wrapper.cfbundle; includeInIndex = 0; path = MapTests.xctest; sourceTree = BUILT_PRODUCTS_DIR; };
		31EF78622CC22A200036E33A /* MapTests.swift */ = {isa = PBXFileReference; lastKnownFileType = sourcecode.swift; path = MapTests.swift; sourceTree = "<group>"; };
		31EF78682CC22A200036E33A /* MapUITests.xctest */ = {isa = PBXFileReference; explicitFileType = wrapper.cfbundle; includeInIndex = 0; path = MapUITests.xctest; sourceTree = BUILT_PRODUCTS_DIR; };
		31EF786C2CC22A200036E33A /* MapUITests.swift */ = {isa = PBXFileReference; lastKnownFileType = sourcecode.swift; path = MapUITests.swift; sourceTree = "<group>"; };
		31EF786E2CC22A200036E33A /* MapUITestsLaunchTests.swift */ = {isa = PBXFileReference; lastKnownFileType = sourcecode.swift; path = MapUITestsLaunchTests.swift; sourceTree = "<group>"; };
/* End PBXFileReference section */

/* Begin PBXFrameworksBuildPhase section */
		31EF78452CC22A1F0036E33A /* Frameworks */ = {
			isa = PBXFrameworksBuildPhase;
			buildActionMask = 2147483647;
			files = (
			);
			runOnlyForDeploymentPostprocessing = 0;
		};
		31EF785B2CC22A200036E33A /* Frameworks */ = {
			isa = PBXFrameworksBuildPhase;
			buildActionMask = 2147483647;
			files = (
			);
			runOnlyForDeploymentPostprocessing = 0;
		};
		31EF78652CC22A200036E33A /* Frameworks */ = {
			isa = PBXFrameworksBuildPhase;
			buildActionMask = 2147483647;
			files = (
			);
			runOnlyForDeploymentPostprocessing = 0;
		};
/* End PBXFrameworksBuildPhase section */

/* Begin PBXGroup section */
		31EF783F2CC22A1F0036E33A = {
			isa = PBXGroup;
			children = (
				31EF784A2CC22A1F0036E33A /* Map */,
				31EF78612CC22A200036E33A /* MapTests */,
				31EF786B2CC22A200036E33A /* MapUITests */,
				31EF78492CC22A1F0036E33A /* Products */,
			);
			sourceTree = "<group>";
		};
		31EF78492CC22A1F0036E33A /* Products */ = {
			isa = PBXGroup;
			children = (
				31EF78482CC22A1F0036E33A /* Map.app */,
				31EF785E2CC22A200036E33A /* MapTests.xctest */,
				31EF78682CC22A200036E33A /* MapUITests.xctest */,
			);
			name = Products;
			sourceTree = "<group>";
		};
		31EF784A2CC22A1F0036E33A /* Map */ = {
			isa = PBXGroup;
			children = (
				31EF784B2CC22A1F0036E33A /* AppDelegate.swift */,
				31EF784D2CC22A1F0036E33A /* SceneDelegate.swift */,
				31EF784F2CC22A1F0036E33A /* ViewController.swift */,
				31EF78512CC22A1F0036E33A /* Main.storyboard */,
				31EF78542CC22A200036E33A /* Assets.xcassets */,
				31EF78562CC22A200036E33A /* LaunchScreen.storyboard */,
				31EF78592CC22A200036E33A /* Info.plist */,
			);
			path = Map;
			sourceTree = "<group>";
		};
		31EF78612CC22A200036E33A /* MapTests */ = {
			isa = PBXGroup;
			children = (
				31EF78622CC22A200036E33A /* MapTests.swift */,
			);
			path = MapTests;
			sourceTree = "<group>";
		};
		31EF786B2CC22A200036E33A /* MapUITests */ = {
			isa = PBXGroup;
			children = (
				31EF786C2CC22A200036E33A /* MapUITests.swift */,
				31EF786E2CC22A200036E33A /* MapUITestsLaunchTests.swift */,
			);
			path = MapUITests;
			sourceTree = "<group>";
		};
/* End PBXGroup section */

/* Begin PBXNativeTarget section */
		31EF78472CC22A1F0036E33A /* Map */ = {
			isa = PBXNativeTarget;
			buildConfigurationList = 31EF78722CC22A200036E33A /* Build configuration list for PBXNativeTarget "Map" */;
			buildPhases = (
				31EF78442CC22A1F0036E33A /* Sources */,
				31EF78452CC22A1F0036E33A /* Frameworks */,
				31EF78462CC22A1F0036E33A /* Resources */,
			);
			buildRules = (
			);
			dependencies = (
			);
			name = Map;
			productName = Map;
			productReference = 31EF78482CC22A1F0036E33A /* Map.app */;
			productType = "com.apple.product-type.application";
		};
		31EF785D2CC22A200036E33A /* MapTests */ = {
			isa = PBXNativeTarget;
			buildConfigurationList = 31EF78752CC22A200036E33A /* Build configuration list for PBXNativeTarget "MapTests" */;
			buildPhases = (
				31EF785A2CC22A200036E33A /* Sources */,
				31EF785B2CC22A200036E33A /* Frameworks */,
				31EF785C2CC22A200036E33A /* Resources */,
			);
			buildRules = (
			);
			dependencies = (
				31EF78602CC22A200036E33A /* PBXTargetDependency */,
			);
			name = MapTests;
			productName = MapTests;
			productReference = 31EF785E2CC22A200036E33A /* MapTests.xctest */;
			productType = "com.apple.product-type.bundle.unit-test";
		};
		31EF78672CC22A200036E33A /* MapUITests */ = {
			isa = PBXNativeTarget;
			buildConfigurationList = 31EF78782CC22A200036E33A /* Build configuration list for PBXNativeTarget "MapUITests" */;
			buildPhases = (
				31EF78642CC22A200036E33A /* Sources */,
				31EF78652CC22A200036E33A /* Frameworks */,
				31EF78662CC22A200036E33A /* Resources */,
			);
			buildRules = (
			);
			dependencies = (
				31EF786A2CC22A200036E33A /* PBXTargetDependency */,
			);
			name = MapUITests;
			productName = MapUITests;
			productReference = 31EF78682CC22A200036E33A /* MapUITests.xctest */;
			productType = "com.apple.product-type.bundle.ui-testing";
		};
/* End PBXNativeTarget section */

/* Begin PBXProject section */
		31EF78402CC22A1F0036E33A /* Project object */ = {
			isa = PBXProject;
			attributes = {
				BuildIndependentTargetsInParallel = 1;
				LastSwiftUpdateCheck = 1540;
				LastUpgradeCheck = 1540;
				TargetAttributes = {
					31EF78472CC22A1F0036E33A = {
						CreatedOnToolsVersion = 15.4;
					};
					31EF785D2CC22A200036E33A = {
						CreatedOnToolsVersion = 15.4;
						TestTargetID = 31EF78472CC22A1F0036E33A;
					};
					31EF78672CC22A200036E33A = {
						CreatedOnToolsVersion = 15.4;
						TestTargetID = 31EF78472CC22A1F0036E33A;
					};
				};
			};
			buildConfigurationList = 31EF78432CC22A1F0036E33A /* Build configuration list for PBXProject "Map" */;
			compatibilityVersion = "Xcode 14.0";
			developmentRegion = en;
			hasScannedForEncodings = 0;
			knownRegions = (
				en,
				Base,
			);
			mainGroup = 31EF783F2CC22A1F0036E33A;
			productRefGroup = 31EF78492CC22A1F0036E33A /* Products */;
			projectDirPath = "";
			projectRoot = "";
			targets = (
				31EF78472CC22A1F0036E33A /* Map */,
				31EF785D2CC22A200036E33A /* MapTests */,
				31EF78672CC22A200036E33A /* MapUITests */,
			);
		};
/* End PBXProject section */

/* Begin PBXResourcesBuildPhase section */
		31EF78462CC22A1F0036E33A /* Resources */ = {
			isa = PBXResourcesBuildPhase;
			buildActionMask = 2147483647;
			files = (
				31EF78552CC22A200036E33A /* Assets.xcassets in Resources */,
				31EF78582CC22A200036E33A /* Base in Resources */,
				31EF78532CC22A1F0036E33A /* Base in Resources */,
			);
			runOnlyForDeploymentPostprocessing = 0;
		};
		31EF785C2CC22A200036E33A /* Resources */ = {
			isa = PBXResourcesBuildPhase;
			buildActionMask = 2147483647;
			files = (
			);
			runOnlyForDeploymentPostprocessing = 0;
		};
		31EF78662CC22A200036E33A /* Resources */ = {
			isa = PBXResourcesBuildPhase;
			buildActionMask = 2147483647;
			files = (
			);
			runOnlyForDeploymentPostprocessing = 0;
		};
/* End PBXResourcesBuildPhase section */

/* Begin PBXSourcesBuildPhase section */
		31EF78442CC22A1F0036E33A /* Sources */ = {
			isa = PBXSourcesBuildPhase;
			buildActionMask = 2147483647;
			files = (
				31EF78502CC22A1F0036E33A /* ViewController.swift in Sources */,
				31EF784C2CC22A1F0036E33A /* AppDelegate.swift in Sources */,
				31EF784E2CC22A1F0036E33A /* SceneDelegate.swift in Sources */,
			);
			runOnlyForDeploymentPostprocessing = 0;
		};
		31EF785A2CC22A200036E33A /* Sources */ = {
			isa = PBXSourcesBuildPhase;
			buildActionMask = 2147483647;
			files = (
				31EF78632CC22A200036E33A /* MapTests.swift in Sources */,
			);
			runOnlyForDeploymentPostprocessing = 0;
		};
		31EF78642CC22A200036E33A /* Sources */ = {
			isa = PBXSourcesBuildPhase;
			buildActionMask = 2147483647;
			files = (
				31EF786D2CC22A200036E33A /* MapUITests.swift in Sources */,
				31EF786F2CC22A200036E33A /* MapUITestsLaunchTests.swift in Sources */,
			);
			runOnlyForDeploymentPostprocessing = 0;
		};
/* End PBXSourcesBuildPhase section */

/* Begin PBXTargetDependency section */
		31EF78602CC22A200036E33A /* PBXTargetDependency */ = {
			isa = PBXTargetDependency;
			target = 31EF78472CC22A1F0036E33A /* Map */;
			targetProxy = 31EF785F2CC22A200036E33A /* PBXContainerItemProxy */;
		};
		31EF786A2CC22A200036E33A /* PBXTargetDependency */ = {
			isa = PBXTargetDependency;
			target = 31EF78472CC22A1F0036E33A /* Map */;
			targetProxy = 31EF78692CC22A200036E33A /* PBXContainerItemProxy */;
		};
/* End PBXTargetDependency section */

/* Begin PBXVariantGroup section */
		31EF78512CC22A1F0036E33A /* Main.storyboard */ = {
			isa = PBXVariantGroup;
			children = (
				31EF78522CC22A1F0036E33A /* Base */,
			);
			name = Main.storyboard;
			sourceTree = "<group>";
		};
		31EF78562CC22A200036E33A /* LaunchScreen.storyboard */ = {
			isa = PBXVariantGroup;
			children = (
				31EF78572CC22A200036E33A /* Base */,
			);
			name = LaunchScreen.storyboard;
			sourceTree = "<group>";
		};
/* End PBXVariantGroup section */

/* Begin XCBuildConfiguration section */
		31EF78702CC22A200036E33A /* Debug */ = {
			isa = XCBuildConfiguration;
			buildSettings = {
				ALWAYS_SEARCH_USER_PATHS = NO;
				ASSETCATALOG_COMPILER_GENERATE_SWIFT_ASSET_SYMBOL_EXTENSIONS = YES;
				CLANG_ANALYZER_NONNULL = YES;
				CLANG_ANALYZER_NUMBER_OBJECT_CONVERSION = YES_AGGRESSIVE;
				CLANG_CXX_LANGUAGE_STANDARD = "gnu++20";
				CLANG_ENABLE_MODULES = YES;
				CLANG_ENABLE_OBJC_ARC = YES;
				CLANG_ENABLE_OBJC_WEAK = YES;
				CLANG_WARN_BLOCK_CAPTURE_AUTORELEASING = YES;
				CLANG_WARN_BOOL_CONVERSION = YES;
				CLANG_WARN_COMMA = YES;
				CLANG_WARN_CONSTANT_CONVERSION = YES;
				CLANG_WARN_DEPRECATED_OBJC_IMPLEMENTATIONS = YES;
				CLANG_WARN_DIRECT_OBJC_ISA_USAGE = YES_ERROR;
				CLANG_WARN_DOCUMENTATION_COMMENTS = YES;
				CLANG_WARN_EMPTY_BODY = YES;
				CLANG_WARN_ENUM_CONVERSION = YES;
				CLANG_WARN_INFINITE_RECURSION = YES;
				CLANG_WARN_INT_CONVERSION = YES;
				CLANG_WARN_NON_LITERAL_NULL_CONVERSION = YES;
				CLANG_WARN_OBJC_IMPLICIT_RETAIN_SELF = YES;
				CLANG_WARN_OBJC_LITERAL_CONVERSION = YES;
				CLANG_WARN_OBJC_ROOT_CLASS = YES_ERROR;
				CLANG_WARN_QUOTED_INCLUDE_IN_FRAMEWORK_HEADER = YES;
				CLANG_WARN_RANGE_LOOP_ANALYSIS = YES;
				CLANG_WARN_STRICT_PROTOTYPES = YES;
				CLANG_WARN_SUSPICIOUS_MOVE = YES;
				CLANG_WARN_UNGUARDED_AVAILABILITY = YES_AGGRESSIVE;
				CLANG_WARN_UNREACHABLE_CODE = YES;
				CLANG_WARN__DUPLICATE_METHOD_MATCH = YES;
				COPY_PHASE_STRIP = NO;
				DEBUG_INFORMATION_FORMAT = dwarf;
				ENABLE_STRICT_OBJC_MSGSEND = YES;
				ENABLE_TESTABILITY = YES;
				ENABLE_USER_SCRIPT_SANDBOXING = YES;
				GCC_C_LANGUAGE_STANDARD = gnu17;
				GCC_DYNAMIC_NO_PIC = NO;
				GCC_NO_COMMON_BLOCKS = YES;
				GCC_OPTIMIZATION_LEVEL = 0;
				GCC_PREPROCESSOR_DEFINITIONS = (
					"DEBUG=1",
					"$(inherited)",
				);
				GCC_WARN_64_TO_32_BIT_CONVERSION = YES;
				GCC_WARN_ABOUT_RETURN_TYPE = YES_ERROR;
				GCC_WARN_UNDECLARED_SELECTOR = YES;
				GCC_WARN_UNINITIALIZED_AUTOS = YES_AGGRESSIVE;
				GCC_WARN_UNUSED_FUNCTION = YES;
				GCC_WARN_UNUSED_VARIABLE = YES;
				IPHONEOS_DEPLOYMENT_TARGET = 17.5;
				LOCALIZATION_PREFERS_STRING_CATALOGS = YES;
				MTL_ENABLE_DEBUG_INFO = INCLUDE_SOURCE;
				MTL_FAST_MATH = YES;
				ONLY_ACTIVE_ARCH = YES;
				SDKROOT = iphoneos;
				SWIFT_ACTIVE_COMPILATION_CONDITIONS = "DEBUG $(inherited)";
				SWIFT_OPTIMIZATION_LEVEL = "-Onone";
			};
			name = Debug;
		};
		31EF78712CC22A200036E33A /* Release */ = {
			isa = XCBuildConfiguration;
			buildSettings = {
				ALWAYS_SEARCH_USER_PATHS = NO;
				ASSETCATALOG_COMPILER_GENERATE_SWIFT_ASSET_SYMBOL_EXTENSIONS = YES;
				CLANG_ANALYZER_NONNULL = YES;
				CLANG_ANALYZER_NUMBER_OBJECT_CONVERSION = YES_AGGRESSIVE;
				CLANG_CXX_LANGUAGE_STANDARD = "gnu++20";
				CLANG_ENABLE_MODULES = YES;
				CLANG_ENABLE_OBJC_ARC = YES;
				CLANG_ENABLE_OBJC_WEAK = YES;
				CLANG_WARN_BLOCK_CAPTURE_AUTORELEASING = YES;
				CLANG_WARN_BOOL_CONVERSION = YES;
				CLANG_WARN_COMMA = YES;
				CLANG_WARN_CONSTANT_CONVERSION = YES;
				CLANG_WARN_DEPRECATED_OBJC_IMPLEMENTATIONS = YES;
				CLANG_WARN_DIRECT_OBJC_ISA_USAGE = YES_ERROR;
				CLANG_WARN_DOCUMENTATION_COMMENTS = YES;
				CLANG_WARN_EMPTY_BODY = YES;
				CLANG_WARN_ENUM_CONVERSION = YES;
				CLANG_WARN_INFINITE_RECURSION = YES;
				CLANG_WARN_INT_CONVERSION = YES;
				CLANG_WARN_NON_LITERAL_NULL_CONVERSION = YES;
				CLANG_WARN_OBJC_IMPLICIT_RETAIN_SELF = YES;
				CLANG_WARN_OBJC_LITERAL_CONVERSION = YES;
				CLANG_WARN_OBJC_ROOT_CLASS = YES_ERROR;
				CLANG_WARN_QUOTED_INCLUDE_IN_FRAMEWORK_HEADER = YES;
				CLANG_WARN_RANGE_LOOP_ANALYSIS = YES;
				CLANG_WARN_STRICT_PROTOTYPES = YES;
				CLANG_WARN_SUSPICIOUS_MOVE = YES;
				CLANG_WARN_UNGUARDED_AVAILABILITY = YES_AGGRESSIVE;
				CLANG_WARN_UNREACHABLE_CODE = YES;
				CLANG_WARN__DUPLICATE_METHOD_MATCH = YES;
				COPY_PHASE_STRIP = NO;
				DEBUG_INFORMATION_FORMAT = "dwarf-with-dsym";
				ENABLE_NS_ASSERTIONS = NO;
				ENABLE_STRICT_OBJC_MSGSEND = YES;
				ENABLE_USER_SCRIPT_SANDBOXING = YES;
				GCC_C_LANGUAGE_STANDARD = gnu17;
				GCC_NO_COMMON_BLOCKS = YES;
				GCC_WARN_64_TO_32_BIT_CONVERSION = YES;
				GCC_WARN_ABOUT_RETURN_TYPE = YES_ERROR;
				GCC_WARN_UNDECLARED_SELECTOR = YES;
				GCC_WARN_UNINITIALIZED_AUTOS = YES_AGGRESSIVE;
				GCC_WARN_UNUSED_FUNCTION = YES;
				GCC_WARN_UNUSED_VARIABLE = YES;
				IPHONEOS_DEPLOYMENT_TARGET = 17.5;
				LOCALIZATION_PREFERS_STRING_CATALOGS = YES;
				MTL_ENABLE_DEBUG_INFO = NO;
				MTL_FAST_MATH = YES;
				SDKROOT = iphoneos;
				SWIFT_COMPILATION_MODE = wholemodule;
				VALIDATE_PRODUCT = YES;
			};
			name = Release;
		};
		31EF78732CC22A200036E33A /* Debug */ = {
			isa = XCBuildConfiguration;
			buildSettings = {
				ASSETCATALOG_COMPILER_APPICON_NAME = AppIcon;
				ASSETCATALOG_COMPILER_GLOBAL_ACCENT_COLOR_NAME = AccentColor;
				CODE_SIGN_STYLE = Automatic;
				CURRENT_PROJECT_VERSION = 1;
				GENERATE_INFOPLIST_FILE = YES;
				INFOPLIST_FILE = Map/Info.plist;
				INFOPLIST_KEY_UIApplicationSupportsIndirectInputEvents = YES;
				INFOPLIST_KEY_UILaunchStoryboardName = LaunchScreen;
				INFOPLIST_KEY_UIMainStoryboardFile = Main;
				INFOPLIST_KEY_UISupportedInterfaceOrientations_iPad = "UIInterfaceOrientationPortrait UIInterfaceOrientationPortraitUpsideDown UIInterfaceOrientationLandscapeLeft UIInterfaceOrientationLandscapeRight";
				INFOPLIST_KEY_UISupportedInterfaceOrientations_iPhone = "UIInterfaceOrientationPortrait UIInterfaceOrientationLandscapeLeft UIInterfaceOrientationLandscapeRight";
				LD_RUNPATH_SEARCH_PATHS = (
					"$(inherited)",
					"@executable_path/Frameworks",
				);
				MARKETING_VERSION = 1.0;
				PRODUCT_BUNDLE_IDENTIFIER = ddwu.ios.Map;
				PRODUCT_NAME = "$(TARGET_NAME)";
				SWIFT_EMIT_LOC_STRINGS = YES;
				SWIFT_VERSION = 5.0;
				TARGETED_DEVICE_FAMILY = "1,2";
			};
			name = Debug;
		};
		31EF78742CC22A200036E33A /* Release */ = {
			isa = XCBuildConfiguration;
			buildSettings = {
				ASSETCATALOG_COMPILER_APPICON_NAME = AppIcon;
				ASSETCATALOG_COMPILER_GLOBAL_ACCENT_COLOR_NAME = AccentColor;
				CODE_SIGN_STYLE = Automatic;
				CURRENT_PROJECT_VERSION = 1;
				GENERATE_INFOPLIST_FILE = YES;
				INFOPLIST_FILE = Map/Info.plist;
				INFOPLIST_KEY_UIApplicationSupportsIndirectInputEvents = YES;
				INFOPLIST_KEY_UILaunchStoryboardName = LaunchScreen;
				INFOPLIST_KEY_UIMainStoryboardFile = Main;
				INFOPLIST_KEY_UISupportedInterfaceOrientations_iPad = "UIInterfaceOrientationPortrait UIInterfaceOrientationPortraitUpsideDown UIInterfaceOrientationLandscapeLeft UIInterfaceOrientationLandscapeRight";
				INFOPLIST_KEY_UISupportedInterfaceOrientations_iPhone = "UIInterfaceOrientationPortrait UIInterfaceOrientationLandscapeLeft UIInterfaceOrientationLandscapeRight";
				LD_RUNPATH_SEARCH_PATHS = (
					"$(inherited)",
					"@executable_path/Frameworks",
				);
				MARKETING_VERSION = 1.0;
				PRODUCT_BUNDLE_IDENTIFIER = ddwu.ios.Map;
				PRODUCT_NAME = "$(TARGET_NAME)";
				SWIFT_EMIT_LOC_STRINGS = YES;
				SWIFT_VERSION = 5.0;
				TARGETED_DEVICE_FAMILY = "1,2";
			};
			name = Release;
		};
		31EF78762CC22A200036E33A /* Debug */ = {
			isa = XCBuildConfiguration;
			buildSettings = {
				ALWAYS_EMBED_SWIFT_STANDARD_LIBRARIES = YES;
				BUNDLE_LOADER = "$(TEST_HOST)";
				CODE_SIGN_STYLE = Automatic;
				CURRENT_PROJECT_VERSION = 1;
				GENERATE_INFOPLIST_FILE = YES;
				IPHONEOS_DEPLOYMENT_TARGET = 17.5;
				MARKETING_VERSION = 1.0;
				PRODUCT_BUNDLE_IDENTIFIER = ddwu.ios.MapTests;
				PRODUCT_NAME = "$(TARGET_NAME)";
				SWIFT_EMIT_LOC_STRINGS = NO;
				SWIFT_VERSION = 5.0;
				TARGETED_DEVICE_FAMILY = "1,2";
				TEST_HOST = "$(BUILT_PRODUCTS_DIR)/Map.app/$(BUNDLE_EXECUTABLE_FOLDER_PATH)/Map";
			};
			name = Debug;
		};
		31EF78772CC22A200036E33A /* Release */ = {
			isa = XCBuildConfiguration;
			buildSettings = {
				ALWAYS_EMBED_SWIFT_STANDARD_LIBRARIES = YES;
				BUNDLE_LOADER = "$(TEST_HOST)";
				CODE_SIGN_STYLE = Automatic;
				CURRENT_PROJECT_VERSION = 1;
				GENERATE_INFOPLIST_FILE = YES;
				IPHONEOS_DEPLOYMENT_TARGET = 17.5;
				MARKETING_VERSION = 1.0;
				PRODUCT_BUNDLE_IDENTIFIER = ddwu.ios.MapTests;
				PRODUCT_NAME = "$(TARGET_NAME)";
				SWIFT_EMIT_LOC_STRINGS = NO;
				SWIFT_VERSION = 5.0;
				TARGETED_DEVICE_FAMILY = "1,2";
				TEST_HOST = "$(BUILT_PRODUCTS_DIR)/Map.app/$(BUNDLE_EXECUTABLE_FOLDER_PATH)/Map";
			};
			name = Release;
		};
		31EF78792CC22A200036E33A /* Debug */ = {
			isa = XCBuildConfiguration;
			buildSettings = {
				ALWAYS_EMBED_SWIFT_STANDARD_LIBRARIES = YES;
				CODE_SIGN_STYLE = Automatic;
				CURRENT_PROJECT_VERSION = 1;
				GENERATE_INFOPLIST_FILE = YES;
				MARKETING_VERSION = 1.0;
				PRODUCT_BUNDLE_IDENTIFIER = ddwu.ios.MapUITests;
				PRODUCT_NAME = "$(TARGET_NAME)";
				SWIFT_EMIT_LOC_STRINGS = NO;
				SWIFT_VERSION = 5.0;
				TARGETED_DEVICE_FAMILY = "1,2";
				TEST_TARGET_NAME = Map;
			};
			name = Debug;
		};
		31EF787A2CC22A200036E33A /* Release */ = {
			isa = XCBuildConfiguration;
			buildSettings = {
				ALWAYS_EMBED_SWIFT_STANDARD_LIBRARIES = YES;
				CODE_SIGN_STYLE = Automatic;
				CURRENT_PROJECT_VERSION = 1;
				GENERATE_INFOPLIST_FILE = YES;
				MARKETING_VERSION = 1.0;
				PRODUCT_BUNDLE_IDENTIFIER = ddwu.ios.MapUITests;
				PRODUCT_NAME = "$(TARGET_NAME)";
				SWIFT_EMIT_LOC_STRINGS = NO;
				SWIFT_VERSION = 5.0;
				TARGETED_DEVICE_FAMILY = "1,2";
				TEST_TARGET_NAME = Map;
			};
			name = Release;
		};
/* End XCBuildConfiguration section */

/* Begin XCConfigurationList section */
		31EF78432CC22A1F0036E33A /* Build configuration list for PBXProject "Map" */ = {
			isa = XCConfigurationList;
			buildConfigurations = (
				31EF78702CC22A200036E33A /* Debug */,
				31EF78712CC22A200036E33A /* Release */,
			);
			defaultConfigurationIsVisible = 0;
			defaultConfigurationName = Release;
		};
		31EF78722CC22A200036E33A /* Build configuration list for PBXNativeTarget "Map" */ = {
			isa = XCConfigurationList;
			buildConfigurations = (
				31EF78732CC22A200036E33A /* Debug */,
				31EF78742CC22A200036E33A /* Release */,
			);
			defaultConfigurationIsVisible = 0;
			defaultConfigurationName = Release;
		};
		31EF78752CC22A200036E33A /* Build configuration list for PBXNativeTarget "MapTests" */ = {
			isa = XCConfigurationList;
			buildConfigurations = (
				31EF78762CC22A200036E33A /* Debug */,
				31EF78772CC22A200036E33A /* Release */,
			);
			defaultConfigurationIsVisible = 0;
			defaultConfigurationName = Release;
		};
		31EF78782CC22A200036E33A /* Build configuration list for PBXNativeTarget "MapUITests" */ = {
			isa = XCConfigurationList;
			buildConfigurations = (
				31EF78792CC22A200036E33A /* Debug */,
				31EF787A2CC22A200036E33A /* Release */,
			);
			defaultConfigurationIsVisible = 0;
			defaultConfigurationName = Release;
		};
/* End XCConfigurationList section */
	};
	rootObject = 31EF78402CC22A1F0036E33A /* Project object */;
}
